{
  "lockfileVersion": 1,
  "configVersion": 1,
  "workspaces": {
    "": {
      "name": "my-docs",
      "dependencies": {
        "@docmd/core": "^0.7.9",
      },
    },
  },
  "packages": {
    "@docmd/api": ["@docmd/api@0.7.9", "", { "dependencies": { "@docmd/parser": "^0.7.9", "@docmd/tui": "^0.7.9" } }, "sha512-SU7cSWPdWk8Up6pFM9kO2bf6xEs+fwkb4sfGYn/hkYKHTAK/RCRFPWdtzYpT04Lb35yUG6YTLcktn2fm9BA3Ow=="],

    "@docmd/core": ["@docmd/core@0.7.9", "", { "dependencies": { "@docmd/api": "^0.7.9", "@docmd/live": "^0.7.9", "@docmd/parser": "^0.7.9", "@docmd/plugin-analytics": "^0.7.9", "@docmd/plugin-git": "^0.7.9", "@docmd/plugin-installer": "^0.7.9", "@docmd/plugin-llms": "^0.7.9", "@docmd/plugin-mermaid": "^0.7.9", "@docmd/plugin-openapi": "^0.7.9", "@docmd/plugin-pwa": "^0.7.9", "@docmd/plugin-search": "^0.7.9", "@docmd/plugin-seo": "^0.7.9", "@docmd/plugin-sitemap": "^0.7.9", "@docmd/themes": "^0.7.9", "@docmd/tui": "^0.7.9", "@docmd/ui": "^0.7.9", "esbuild": "^0.28.0", "ws": "^8.20.0" }, "bin": { "docmd": "dist/bin/docmd.js" } }, "sha512-pcCcIsWNRPcpugy6/n+/Qp9/Czerby2abu9gvyMAfqfjQttDpqPQkJm5W3uy0hX5Pz3wImmxZM9wp8J8/GCDBQ=="],

    "@docmd/live": ["@docmd/live@0.7.9", "", { "dependencies": { "@docmd/parser": "^0.7.9", "@docmd/plugin-math": "^0.7.9", "@docmd/plugin-mermaid": "^0.7.9", "@docmd/themes": "^0.7.9", "@docmd/tui": "^0.7.9", "@docmd/ui": "^0.7.9", "buffer": "^6.0.3", "esbuild": "^0.28.0", "katex": "^0.16.45", "markdown-it-texmath": "^1.0.0" }, "bin": { "docmd-live": "bin/docmd-live.js" } }, "sha512-dLxwTdAn0ptfuHAcw+4cJt//2rbDawOWhTliU+s9RnB9GgDGCrcr8J5Xn3cwgVovD3uQDRdVH5cB28xHZ6KIsg=="],

    "@docmd/parser": ["@docmd/parser@0.7.9", "", { "dependencies": { "@docmd/tui": "^0.7.9", "embed-lite": "^0.1.4", "lite-hl": "^0.1.2", "lite-matter": "^0.1.1", "lite-template": "^0.1.2", "lucide-static": "^0.577.0", "markdown-it": "^14.1.1", "markdown-it-abbr": "^1.0.4", "markdown-it-attrs": "^4.3.1", "markdown-it-deflist": "^2.1.0", "markdown-it-emoji": "^2.0.2", "markdown-it-footnote": "^3.0.3", "markdown-it-task-lists": "^2.1.1" } }, "sha512-XgnkHvGoERVz4tH7Vj9ibDEHz6eeEX3mcZMY+w1Vi0c+efJbkRHUqlK28ewojODS6ecJ+865b+B33b4FSnEupw=="],

    "@docmd/plugin-analytics": ["@docmd/plugin-analytics@0.7.9", "", {}, "sha512-yh/MtYr7YWgKXLvzXCqL/RJYkh+rPEPju3qlcoxZx0WaSKrgPJrjQDaG2oBZZSaNix1q91Ni/nwvY8TK978u+Q=="],

    "@docmd/plugin-git": ["@docmd/plugin-git@0.7.9", "", { "peerDependencies": { "@docmd/api": "^0.7.9" } }, "sha512-YtubsUgqBlDW9E4sCkoX4lQqbDV13I5HU5d47cUt9Hj0h8yDHmxMiBMr/O2kU1LrLGUkhT57W6S+X/iHiiAAmA=="],

    "@docmd/plugin-installer": ["@docmd/plugin-installer@0.7.9", "", { "dependencies": { "@docmd/api": "^0.7.9" } }, "sha512-PgnZaAqxM2e48XNq/OM6Ui8vc1Aet5xEkdS0lcO/4ox0zLe2NfzK0a9KB6pTCn9XHmenWuAq8vnzPNY1sSPYYA=="],

    "@docmd/plugin-llms": ["@docmd/plugin-llms@0.7.9", "", {}, "sha512-qKZSO03hmbGOhho1KOxga0owQSWfNm7ks6sKMWyNwa6YXDY55GUTLcXsQPmZ5LjokmEZ8S1NL7oHlyUKpDSezw=="],

    "@docmd/plugin-math": ["@docmd/plugin-math@0.7.9", "", { "dependencies": { "katex": "^0.16.45", "markdown-it-texmath": "^1.0.0" } }, "sha512-bagJkAhGUKjYJPq+tqTK8ZdT1UtkstU2nPAKrkpQ6GCoSK7afq6NC1Aie1QBbOJFpJwqJLo/8mb0kER14zcipQ=="],

    "@docmd/plugin-mermaid": ["@docmd/plugin-mermaid@0.7.9", "", {}, "sha512-QrTJHIdSHnj8d7lSAllswKykyuADjL8WEeUcU6l2K0b0jktgNr0FZIBusdGBgNPy8uupDvu6hyIcoX+0b/JSmQ=="],

    "@docmd/plugin-openapi": ["@docmd/plugin-openapi@0.7.9", "", { "peerDependencies": { "@docmd/api": "0.7.9" } }, "sha512-z6H/9qgT8ohlhXufCO6/OUbdH3b+gWfdCZHxghEG371RTtAbLZR8iXVUS/Ox4Agb4cmvesicmZZfyEAg+30yZg=="],

    "@docmd/plugin-pwa": ["@docmd/plugin-pwa@0.7.9", "", {}, "sha512-HMCBHXeEEZ5vZPSBim4NbnoRui7h6HJ9P4p7ZKEP7Qm6d/xzmoCUYoZbxvbnlAxw7NrRirPmGzrW5IEYO3qbyQ=="],

    "@docmd/plugin-search": ["@docmd/plugin-search@0.7.9", "", { "dependencies": { "minisearch": "^7.2.0" } }, "sha512-1cGPCLC3GhAc0nuKI99ghIHSA4cEU0eKPswTWQ7WZ59wmRJ6MGi/G5ePhTjeVwLxW8mQAbsvoeGlG29dc4FG5A=="],

    "@docmd/plugin-seo": ["@docmd/plugin-seo@0.7.9", "", {}, "sha512-JGVI3IGWl12Pp+S7ptX9TMBfNLU64zWQTJ0IZbaoc7m4fRcv4Psx/3pSt4qzuKzkh6otiVfXM0AYrbtwpj43/g=="],

    "@docmd/plugin-sitemap": ["@docmd/plugin-sitemap@0.7.9", "", {}, "sha512-+2Yv04G0HH/2DbQYCX8Ki1KXMtTGyfK1Ye8KuueGCHO46G6Erh0dArORySQon6JqfwyaajGruc/02LdfW64Hxg=="],

    "@docmd/themes": ["@docmd/themes@0.7.9", "", {}, "sha512-XrK1nYF/vbV3OdjTYwT413ACdg60C7WrhWCIssDszyAD3bluKAfMAUQkdDfTAqhCsbIgskod2LDbhSuhw/kvdA=="],

    "@docmd/tui": ["@docmd/tui@0.7.9", "", { "dependencies": { "chalk": "^4.1.2" } }, "sha512-LVgEATKyFKHlG3AJxRyprOpbPphDJqb6UOzjWZGFjQvThOsaRI46gdol9p8hYm3H38uaQBu2lP/PdQh/ykQAaw=="],

    "@docmd/ui": ["@docmd/ui@0.7.9", "", {}, "sha512-URK4PyI55NvvsJd25AbonXK+nZ955UG+A9Q+UW/rVccWOpmjcj0ganFM1XxXXp0j7+KwT2DU7Q+zTW6ErkbqxQ=="],

    "@esbuild/aix-ppc64": ["@esbuild/aix-ppc64@0.28.0", "", { "os": "aix", "cpu": "ppc64" }, "sha512-lhRUCeuOyJQURhTxl4WkpFTjIsbDayJHih5kZC1giwE+MhIzAb7mEsQMqMf18rHLsrb5qI1tafG20mLxEWcWlA=="],

    "@esbuild/android-arm": ["@esbuild/android-arm@0.28.0", "", { "os": "android", "cpu": "arm" }, "sha512-wqh0ByljabXLKHeWXYLqoJ5jKC4XBaw6Hk08OfMrCRd2nP2ZQ5eleDZC41XHyCNgktBGYMbqnrJKq/K/lzPMSQ=="],

    "@esbuild/android-arm64": ["@esbuild/android-arm64@0.28.0", "", { "os": "android", "cpu": "arm64" }, "sha512-+WzIXQOSaGs33tLEgYPYe/yQHf0WTU0X42Jca3y8NWMbUVhp7rUnw+vAsRC/QiDrdD31IszMrZy+qwPOPjd+rw=="],

    "@esbuild/android-x64": ["@esbuild/android-x64@0.28.0", "", { "os": "android", "cpu": "x64" }, "sha512-+VJggoaKhk2VNNqVL7f6S189UzShHC/mR9EE8rDdSkdpN0KflSwWY/gWjDrNxxisg8Fp1ZCD9jLMo4m0OUfeUA=="],

    "@esbuild/darwin-arm64": ["@esbuild/darwin-arm64@0.28.0", "", { "os": "darwin", "cpu": "arm64" }, "sha512-0T+A9WZm+bZ84nZBtk1ckYsOvyA3x7e2Acj1KdVfV4/2tdG4fzUp91YHx+GArWLtwqp77pBXVCPn2We7Letr0Q=="],

    "@esbuild/darwin-x64": ["@esbuild/darwin-x64@0.28.0", "", { "os": "darwin", "cpu": "x64" }, "sha512-fyzLm/DLDl/84OCfp2f/XQ4flmORsjU7VKt8HLjvIXChJoFFOIL6pLJPH4Yhd1n1gGFF9mPwtlN5Wf82DZs+LQ=="],

    "@esbuild/freebsd-arm64": ["@esbuild/freebsd-arm64@0.28.0", "", { "os": "freebsd", "cpu": "arm64" }, "sha512-l9GeW5UZBT9k9brBYI+0WDffcRxgHQD8ShN2Ur4xWq/NFzUKm3k5lsH4PdaRgb2w7mI9u61nr2gI2mLI27Nh3Q=="],

    "@esbuild/freebsd-x64": ["@esbuild/freebsd-x64@0.28.0", "", { "os": "freebsd", "cpu": "x64" }, "sha512-BXoQai/A0wPO6Es3yFJ7APCiKGc1tdAEOgeTNy3SsB491S3aHn4S4r3e976eUnPdU+NbdtmBuLncYir2tMU9Nw=="],

    "@esbuild/linux-arm": ["@esbuild/linux-arm@0.28.0", "", { "os": "linux", "cpu": "arm" }, "sha512-CjaaREJagqJp7iTaNQjjidaNbCKYcd4IDkzbwwxtSvjI7NZm79qiHc8HqciMddQ6CKvJT6aBd8lO9kN/ZudLlw=="],

    "@esbuild/linux-arm64": ["@esbuild/linux-arm64@0.28.0", "", { "os": "linux", "cpu": "arm64" }, "sha512-RVyzfb3FWsGA55n6WY0MEIEPURL1FcbhFE6BffZEMEekfCzCIMtB5yyDcFnVbTnwk+CLAgTujmV/Lgvih56W+A=="],

    "@esbuild/linux-ia32": ["@esbuild/linux-ia32@0.28.0", "", { "os": "linux", "cpu": "ia32" }, "sha512-KBnSTt1kxl9x70q+ydterVdl+Cn0H18ngRMRCEQfrbqdUuntQQ0LoMZv47uB97NljZFzY6HcfqEZ2SAyIUTQBQ=="],

    "@esbuild/linux-loong64": ["@esbuild/linux-loong64@0.28.0", "", { "os": "linux", "cpu": "none" }, "sha512-zpSlUce1mnxzgBADvxKXX5sl8aYQHo2ezvMNI8I0lbblJtp8V4odlm3Yzlj7gPyt3T8ReksE6bK+pT3WD+aJRg=="],

    "@esbuild/linux-mips64el": ["@esbuild/linux-mips64el@0.28.0", "", { "os": "linux", "cpu": "none" }, "sha512-2jIfP6mmjkdmeTlsX/9vmdmhBmKADrWqN7zcdtHIeNSCH1SqIoNI63cYsjQR8J+wGa4Y5izRcSHSm8K3QWmk3w=="],

    "@esbuild/linux-ppc64": ["@esbuild/linux-ppc64@0.28.0", "", { "os": "linux", "cpu": "ppc64" }, "sha512-bc0FE9wWeC0WBm49IQMPSPILRocGTQt3j5KPCA8os6VprfuJ7KD+5PzESSrJ6GmPIPJK965ZJHTUlSA6GNYEhg=="],

    "@esbuild/linux-riscv64": ["@esbuild/linux-riscv64@0.28.0", "", { "os": "linux", "cpu": "none" }, "sha512-SQPZOwoTTT/HXFXQJG/vBX8sOFagGqvZyXcgLA3NhIqcBv1BJU1d46c0rGcrij2B56Z2rNiSLaZOYW5cUk7yLQ=="],

    "@esbuild/linux-s390x": ["@esbuild/linux-s390x@0.28.0", "", { "os": "linux", "cpu": "s390x" }, "sha512-SCfR0HN8CEEjnYnySJTd2cw0k9OHB/YFzt5zgJEwa+wL/T/raGWYMBqwDNAC6dqFKmJYZoQBRfHjgwLHGSrn3Q=="],

    "@esbuild/linux-x64": ["@esbuild/linux-x64@0.28.0", "", { "os": "linux", "cpu": "x64" }, "sha512-us0dSb9iFxIi8srnpl931Nvs65it/Jd2a2K3qs7fz2WfGPHqzfzZTfec7oxZJRNPXPnNYZtanmRc4AL/JwVzHQ=="],

    "@esbuild/netbsd-arm64": ["@esbuild/netbsd-arm64@0.28.0", "", { "os": "none", "cpu": "arm64" }, "sha512-CR/RYotgtCKwtftMwJlUU7xCVNg3lMYZ0RzTmAHSfLCXw3NtZtNpswLEj/Kkf6kEL3Gw+BpOekRX0BYCtklhUw=="],

    "@esbuild/netbsd-x64": ["@esbuild/netbsd-x64@0.28.0", "", { "os": "none", "cpu": "x64" }, "sha512-nU1yhmYutL+fQ71Kxnhg8uEOdC0pwEW9entHykTgEbna2pw2dkbFSMeqjjyHZoCmt8SBkOSvV+yNmm94aUrrqw=="],

    "@esbuild/openbsd-arm64": ["@esbuild/openbsd-arm64@0.28.0", "", { "os": "openbsd", "cpu": "arm64" }, "sha512-cXb5vApOsRsxsEl4mcZ1XY3D4DzcoMxR/nnc4IyqYs0rTI8ZKmW6kyyg+11Z8yvgMfAEldKzP7AdP64HnSC/6g=="],

    "@esbuild/openbsd-x64": ["@esbuild/openbsd-x64@0.28.0", "", { "os": "openbsd", "cpu": "x64" }, "sha512-8wZM2qqtv9UP3mzy7HiGYNH/zjTA355mpeuA+859TyR+e+Tc08IHYpLJuMsfpDJwoLo1ikIJI8jC3GFjnRClzA=="],

    "@esbuild/openharmony-arm64": ["@esbuild/openharmony-arm64@0.28.0", "", { "os": "none", "cpu": "arm64" }, "sha512-FLGfyizszcef5C3YtoyQDACyg95+dndv79i2EekILBofh5wpCa1KuBqOWKrEHZg3zrL3t5ouE5jgr94vA+Wb2w=="],

    "@esbuild/sunos-x64": ["@esbuild/sunos-x64@0.28.0", "", { "os": "sunos", "cpu": "x64" }, "sha512-1ZgjUoEdHZZl/YlV76TSCz9Hqj9h9YmMGAgAPYd+q4SicWNX3G5GCyx9uhQWSLcbvPW8Ni7lj4gDa1T40akdlw=="],

    "@esbuild/win32-arm64": ["@esbuild/win32-arm64@0.28.0", "", { "os": "win32", "cpu": "arm64" }, "sha512-Q9StnDmQ/enxnpxCCLSg0oo4+34B9TdXpuyPeTedN/6+iXBJ4J+zwfQI28u/Jl40nOYAxGoNi7mFP40RUtkmUA=="],

    "@esbuild/win32-ia32": ["@esbuild/win32-ia32@0.28.0", "", { "os": "win32", "cpu": "ia32" }, "sha512-zF3ag/gfiCe6U2iczcRzSYJKH1DCI+ByzSENHlM2FcDbEeo5Zd2C86Aq0tKUYAJJ1obRP84ymxIAksZUcdztHA=="],

    "@esbuild/win32-x64": ["@esbuild/win32-x64@0.28.0", "", { "os": "win32", "cpu": "x64" }, "sha512-pEl1bO9mfAmIC+tW5btTmrKaujg3zGtUmWNdCw/xs70FBjwAL3o9OEKNHvNmnyylD6ubxUERiEhdsL0xBQ9efw=="],

    "ansi-styles": ["ansi-styles@4.3.0", "", { "dependencies": { "color-convert": "^2.0.1" } }, "sha512-zbB9rCJAT1rbjiVDb2hqKFHNYLxgtk8NURxZ3IZwD3F6NtxbXZQCnnSi1Lkx+IDohdPlFp222wVALIheZJQSEg=="],

    "argparse": ["argparse@2.0.1", "", {}, "sha512-8+9WqebbFzpX9OR+Wa6O29asIogeRMzcGtAINdpMHHyAg10f05aSFVBbcEqGf/PXw1EjAZ+q2/bEBg3DvurK3Q=="],

    "base64-js": ["base64-js@1.5.1", "", {}, "sha512-AKpaYlHn8t4SVbOHCy+b5+KKgvR4vrsD8vbvrbiQJps7fKDTkjkDry6ji0rUJjC0kzbNePLwzxq8iypo41qeWA=="],

    "buffer": ["buffer@6.0.3", "", { "dependencies": { "base64-js": "^1.3.1", "ieee754": "^1.2.1" } }, "sha512-FTiCpNxtwiZZHEZbcbTIcZjERVICn9yq/pDFkTl95/AxzD1naBctN7YO68riM/gLSDY7sdrMby8hofADYuuqOA=="],

    "chalk": ["chalk@4.1.2", "", { "dependencies": { "ansi-styles": "^4.1.0", "supports-color": "^7.1.0" } }, "sha512-oKnbhFyRIXpUuez8iBMmyEa4nbj4IOQyuhc/wy9kY7/WVPcwIO9VA668Pu8RkO7+0G76SLROeyw9CpQ061i4mA=="],

    "color-convert": ["color-convert@2.0.1", "", { "dependencies": { "color-name": "~1.1.4" } }, "sha512-RRECPsj7iu/xb5oKYcsFHSppFNnsj/52OVTRKb4zP5onXwVF3zVmmToNcOfGC+CRDpfK/U584fMg38ZHCaElKQ=="],

    "color-name": ["color-name@1.1.4", "", {}, "sha512-dOy+3AuW3a2wNbZHIuMZpTcgjGuLU/uBL/ubcZF9OXbDo8ff4O8yVp5Bf0efS8uEoYo5q4Fx7dY9OgQGXgAsQA=="],

    "commander": ["commander@8.3.0", "", {}, "sha512-OkTL9umf+He2DZkUq8f8J9of7yL6RJKI24dVITBmNfZBmri9zYZQrKkuXiKhyfPSu8tUhnVBB1iKXevvnlR4Ww=="],

    "embed-lite": ["embed-lite@0.1.4", "", {}, "sha512-jHeFclp6iQGHeb0DUBh0a7eGQb1bfhDBzDfSx/nr8c5kdx0PW7EfWXzY5Ry8/AGbbVfxhewOSqwFJZLp18wdhw=="],

    "entities": ["entities@4.5.0", "", {}, "sha512-V0hjH4dGPh9Ao5p0MoRY6BVqtwCjhz6vI5LT8AJ55H+4g9/4vbHx1I54fS0XuclLhDHArPQCiMjDxjaL8fPxhw=="],

    "esbuild": ["esbuild@0.28.0", "", { "optionalDependencies": { "@esbuild/aix-ppc64": "0.28.0", "@esbuild/android-arm": "0.28.0", "@esbuild/android-arm64": "0.28.0", "@esbuild/android-x64": "0.28.0", "@esbuild/darwin-arm64": "0.28.0", "@esbuild/darwin-x64": "0.28.0", "@esbuild/freebsd-arm64": "0.28.0", "@esbuild/freebsd-x64": "0.28.0", "@esbuild/linux-arm": "0.28.0", "@esbuild/linux-arm64": "0.28.0", "@esbuild/linux-ia32": "0.28.0", "@esbuild/linux-loong64": "0.28.0", "@esbuild/linux-mips64el": "0.28.0", "@esbuild/linux-ppc64": "0.28.0", "@esbuild/linux-riscv64": "0.28.0", "@esbuild/linux-s390x": "0.28.0", "@esbuild/linux-x64": "0.28.0", "@esbuild/netbsd-arm64": "0.28.0", "@esbuild/netbsd-x64": "0.28.0", "@esbuild/openbsd-arm64": "0.28.0", "@esbuild/openbsd-x64": "0.28.0", "@esbuild/openharmony-arm64": "0.28.0", "@esbuild/sunos-x64": "0.28.0", "@esbuild/win32-arm64": "0.28.0", "@esbuild/win32-ia32": "0.28.0", "@esbuild/win32-x64": "0.28.0" }, "bin": { "esbuild": "bin/esbuild" } }, "sha512-sNR9MHpXSUV/XB4zmsFKN+QgVG82Cc7+/aaxJ8Adi8hyOac+EXptIp45QBPaVyX3N70664wRbTcLTOemCAnyqw=="],

    "has-flag": ["has-flag@4.0.0", "", {}, "sha512-EykJT/Q1KjTWctppgIAgfSO0tKVuZUjhgMr17kqTumMl6Afv3EISleU7qZUzoXDFTAHTDC4NOoG/ZxU3EvlMPQ=="],

    "ieee754": ["ieee754@1.2.1", "", {}, "sha512-dcyqhDvX1C46lXZcVqCpK+FtMRQVdIMN6/Df5js2zouUsqG7I6sFxitIC+7KYK29KdXOLHdu9zL4sFnoVQnqaA=="],

    "katex": ["katex@0.16.45", "", { "dependencies": { "commander": "^8.3.0" }, "bin": { "katex": "cli.js" } }, "sha512-pQpZbdBu7wCTmQUh7ufPmLr0pFoObnGUoL/yhtwJDgmmQpbkg/0HSVti25Fu4rmd1oCR6NGWe9vqTWuWv3GcNA=="],

    "linkify-it": ["linkify-it@5.0.0", "", { "dependencies": { "uc.micro": "^2.0.0" } }, "sha512-5aHCbzQRADcdP+ATqnDuhhJ/MRIqDkZX5pyjFHRRysS8vZ5AbqGEoFIb6pYHPZ+L/OC2Lc+xT8uHVVR5CAK/wQ=="],

    "lite-hl": ["lite-hl@0.1.2", "", {}, "sha512-vfWGhEyMY7Cz4CiuOzb/NT2SdHSwqGzVqRd3zecA94vsg9bjHqFqNUzYbws0VaJQW6oVXoyKWw+dzCZB+FwVHA=="],

    "lite-matter": ["lite-matter@0.1.1", "", { "dependencies": { "yaml": "^2.4.2" } }, "sha512-3XlkLxQ3LtqtVsx1jGZMqFWKmRgH5J7/gbeU3WM1LjhV3XY+OjlNt0aEnf5De6qfxm/Qllv3vvzlLow0Dh6BoQ=="],

    "lite-template": ["lite-template@0.1.2", "", {}, "sha512-zWxWPs7QDGlHKOqgrSjYoq+zwQuvu+CUO6WkCRfnmme9pa8c0Mfv2huhoDfmbY7hUN5YTcuahD4SwI6/lww6jw=="],

    "lucide-static": ["lucide-static@0.577.0", "", {}, "sha512-hx39J5Tq4JWF2ALY+5YRg+SxQLpeAmLJDXNcqiBJH/UuVwp43it9fyki/onZO7AVFgG5ZbB+fWwZR9mwGHE2XQ=="],

    "markdown-it": ["markdown-it@14.1.1", "", { "dependencies": { "argparse": "^2.0.1", "entities": "^4.4.0", "linkify-it": "^5.0.0", "mdurl": "^2.0.0", "punycode.js": "^2.3.1", "uc.micro": "^2.1.0" }, "bin": { "markdown-it": "bin/markdown-it.mjs" } }, "sha512-BuU2qnTti9YKgK5N+IeMubp14ZUKUUw7yeJbkjtosvHiP0AZ5c8IAgEMk79D0eC8F23r4Ac/q8cAIFdm2FtyoA=="],

    "markdown-it-abbr": ["markdown-it-abbr@1.0.4", "", {}, "sha512-ZeA4Z4SaBbYysZap5iZcxKmlPL6bYA8grqhzJIHB1ikn7njnzaP8uwbtuXc4YXD5LicI4/2Xmc0VwmSiFV04gg=="],

    "markdown-it-attrs": ["markdown-it-attrs@4.3.1", "", { "peerDependencies": { "markdown-it": ">= 9.0.0" } }, "sha512-/ko6cba+H6gdZ0DOw7BbNMZtfuJTRp9g/IrGIuz8lYc/EfnmWRpaR3CFPnNbVz0LDvF8Gf1hFGPqrQqq7De0rg=="],

    "markdown-it-deflist": ["markdown-it-deflist@2.1.0", "", {}, "sha512-3OuqoRUlSxJiuQYu0cWTLHNhhq2xtoSFqsZK8plANg91+RJQU1ziQ6lA2LzmFAEes18uPBsHZpcX6We5l76Nzg=="],

    "markdown-it-emoji": ["markdown-it-emoji@2.0.2", "", {}, "sha512-zLftSaNrKuYl0kR5zm4gxXjHaOI3FAOEaloKmRA5hijmJZvSjmxcokOLlzycb/HXlUFWzXqpIEoyEMCE4i9MvQ=="],

    "markdown-it-footnote": ["markdown-it-footnote@3.0.3", "", {}, "sha512-YZMSuCGVZAjzKMn+xqIco9d1cLGxbELHZ9do/TSYVzraooV8ypsppKNmUJ0fVH5ljkCInQAtFpm8Rb3eXSrt5w=="],

    "markdown-it-task-lists": ["markdown-it-task-lists@2.1.1", "", {}, "sha512-TxFAc76Jnhb2OUu+n3yz9RMu4CwGfaT788br6HhEDlvWfdeJcLUsxk1Hgw2yJio0OXsxv7pyIPmvECY7bMbluA=="],

    "markdown-it-texmath": ["markdown-it-texmath@1.0.0", "", {}, "sha512-4hhkiX8/gus+6e53PLCUmUrsa6ZWGgJW2XCW6O0ASvZUiezIK900ZicinTDtG3kAO2kon7oUA/ReWmpW2FByxg=="],

    "mdurl": ["mdurl@2.0.0", "", {}, "sha512-Lf+9+2r+Tdp5wXDXC4PcIBjTDtq4UKjCPMQhKIuzpJNW0b96kVqSwW0bT7FhRSfmAiFYgP+SCRvdrDozfh0U5w=="],

    "minisearch": ["minisearch@7.2.0", "", {}, "sha512-dqT2XBYUOZOiC5t2HRnwADjhNS2cecp9u+TJRiJ1Qp/f5qjkeT5APcGPjHw+bz89Ms8Jp+cG4AlE+QZ/QnDglg=="],

    "punycode.js": ["punycode.js@2.3.1", "", {}, "sha512-uxFIHU0YlHYhDQtV4R9J6a52SLx28BCjT+4ieh7IGbgwVJWO+km431c4yRlREUAsAmt/uMjQUyQHNEPf0M39CA=="],

    "supports-color": ["supports-color@7.2.0", "", { "dependencies": { "has-flag": "^4.0.0" } }, "sha512-qpCAvRl9stuOHveKsn7HncJRvv501qIacKzQlO/+Lwxc9+0q2wLyv4Dfvt80/DPn2pqOBsJdDiogXGR9+OvwRw=="],

    "uc.micro": ["uc.micro@2.1.0", "", {}, "sha512-ARDJmphmdvUk6Glw7y9DQ2bFkKBHwQHLi2lsaH6PPmz/Ka9sFOBsBluozhDltWmnv9u/cF6Rt87znRTPV+yp/A=="],

    "ws": ["ws@8.20.0", "", { "peerDependencies": { "bufferutil": "^4.0.1", "utf-8-validate": ">=5.0.2" }, "optionalPeers": ["bufferutil", "utf-8-validate"] }, "sha512-sAt8BhgNbzCtgGbt2OxmpuryO63ZoDk/sqaB/znQm94T4fCEsy/yV+7CdC1kJhOU9lboAEU7R3kquuycDoibVA=="],

    "yaml": ["yaml@2.8.4", "", { "bin": { "yaml": "bin.mjs" } }, "sha512-ml/JPOj9fOQK8RNnWojA67GbZ0ApXAUlN2UQclwv2eVgTgn7O9gg9o7paZWKMp4g0H3nTLtS9LVzhkpOFIKzog=="],
  }
}
